
Microsoft Visual Studio Solution File, Format Version 12.00
# Visual Studio Version 16
VisualStudioVersion = 16.0.30114.105
MinimumVisualStudioVersion = 10.0.40219.1
Project("{FAE04EC0-301F-11D3-BF4B-00C04F79EFBC}") = "FringeSportsStore", "FringeSportsStore\FringeSportsStore.csproj", "{18CBE2BA-43DA-4EEB-945F-B8A7C3F0C37E}"
EndProject
Project("{FAE04EC0-301F-11D3-BF4B-00C04F79EFBC}") = "FringeSportsStore.Tests", "FringeSportsStore.Tests\FringeSportsStore.Tests.csproj", "{62011274-DDC8-4B65-820C-7491ABDFED12}"
EndProject
Global
	GlobalSection(SolutionConfigurationPlatforms) = preSolution
		Debug|Any CPU = Debug|Any CPU
		Release|Any CPU = Release|Any CPU
	EndGlobalSection
	GlobalSection(SolutionProperties) = preSolution
		HideSolutionNode = FALSE
	EndGlobalSection
	GlobalSection(ProjectConfigurationPlatforms) = postSolution
		{18CBE2BA-43DA-4EEB-945F-B8A7C3F0C37E}.Debug|Any CPU.ActiveCfg = Debug|Any CPU
		{18CBE2BA-43DA-4EEB-945F-B8A7C3F0C37E}.Debug|Any CPU.Build.0 = Debug|Any CPU
		{18CBE2BA-43DA-4EEB-945F-B8A7C3F0C37E}.Release|Any CPU.ActiveCfg = Release|Any CPU
		{18CBE2BA-43DA-4EEB-945F-B8A7C3F0C37E}.Release|Any CPU.Build.0 = Release|Any CPU
		{62011274-DDC8-4B65-820C-7491ABDFED12}.Debug|Any CPU.ActiveCfg = Debug|Any CPU
		{62011274-DDC8-4B65-820C-7491ABDFED12}.Debug|Any CPU.Build.0 = Debug|Any CPU
		{62011274-DDC8-4B65-820C-7491ABDFED12}.Release|Any CPU.ActiveCfg = Release|Any CPU
		{62011274-DDC8-4B65-820C-7491ABDFED12}.Release|Any CPU.Build.0 = Release|Any CPU
	EndGlobalSection
EndGlobal
